
Microsoft Visual Studio Solution File, Format Version 12.00
# Visual Studio Version 17
VisualStudioVersion = 17.11.35303.130
MinimumVisualStudioVersion = 10.0.40219.1
Project("{2150E333-8FDC-42A3-9474-1A3956D46DE8}") = "Task0", "Task0", "{DEE3C82B-0271-4931-9CA3-243C067B9D4E}"
EndProject
Project("{9A19103F-16F7-4668-BE54-9A1E7A4F7556}") = "Tyuiu.VasilevNV.Sprint1.Task0.V5.Lib", "Tyuiu.VasilevNV.Sprint1.Task0.V5.Lib\Tyuiu.VasilevNV.Sprint1.Task0.V5.Lib.csproj", "{49DEC966-52C1-46DB-800F-D92EC852040F}"
EndProject
Project("{9A19103F-16F7-4668-BE54-9A1E7A4F7556}") = "Tyuiu.VasilevNV.Sprint1.Task0.V5.Test", "Tyuiu.VasilevNV.Sprint1.Task0.V5.Test\Tyuiu.VasilevNV.Sprint1.Task0.V5.Test.csproj", "{AAD432E5-6E81-49CC-8528-F714767C6285}"
EndProject
Project("{FAE04EC0-301F-11D3-BF4B-00C04F79EFBC}") = "Tyuiu.VasilevNV.Sprint1.Task0.V5", "Tyuiu.VasilevNV.Sprint1.Task0.V5\Tyuiu.VasilevNV.Sprint1.Task0.V5.csproj", "{3F465E37-7EEB-4517-A337-F06EB3BD30FE}"
EndProject
Global
	GlobalSection(SolutionConfigurationPlatforms) = preSolution
		Debug|Any CPU = Debug|Any CPU
		Release|Any CPU = Release|Any CPU
	EndGlobalSection
	GlobalSection(ProjectConfigurationPlatforms) = postSolution
		{49DEC966-52C1-46DB-800F-D92EC852040F}.Debug|Any CPU.ActiveCfg = Debug|Any CPU
		{49DEC966-52C1-46DB-800F-D92EC852040F}.Debug|Any CPU.Build.0 = Debug|Any CPU
		{49DEC966-52C1-46DB-800F-D92EC852040F}.Release|Any CPU.ActiveCfg = Release|Any CPU
		{49DEC966-52C1-46DB-800F-D92EC852040F}.Release|Any CPU.Build.0 = Release|Any CPU
		{AAD432E5-6E81-49CC-8528-F714767C6285}.Debug|Any CPU.ActiveCfg = Debug|Any CPU
		{AAD432E5-6E81-49CC-8528-F714767C6285}.Debug|Any CPU.Build.0 = Debug|Any CPU
		{AAD432E5-6E81-49CC-8528-F714767C6285}.Release|Any CPU.ActiveCfg = Release|Any CPU
		{AAD432E5-6E81-49CC-8528-F714767C6285}.Release|Any CPU.Build.0 = Release|Any CPU
		{3F465E37-7EEB-4517-A337-F06EB3BD30FE}.Debug|Any CPU.ActiveCfg = Debug|Any CPU
		{3F465E37-7EEB-4517-A337-F06EB3BD30FE}.Debug|Any CPU.Build.0 = Debug|Any CPU
		{3F465E37-7EEB-4517-A337-F06EB3BD30FE}.Release|Any CPU.ActiveCfg = Release|Any CPU
		{3F465E37-7EEB-4517-A337-F06EB3BD30FE}.Release|Any CPU.Build.0 = Release|Any CPU
	EndGlobalSection
	GlobalSection(SolutionProperties) = preSolution
		HideSolutionNode = FALSE
	EndGlobalSection
	GlobalSection(NestedProjects) = preSolution
		{49DEC966-52C1-46DB-800F-D92EC852040F} = {DEE3C82B-0271-4931-9CA3-243C067B9D4E}
		{AAD432E5-6E81-49CC-8528-F714767C6285} = {DEE3C82B-0271-4931-9CA3-243C067B9D4E}
		{3F465E37-7EEB-4517-A337-F06EB3BD30FE} = {DEE3C82B-0271-4931-9CA3-243C067B9D4E}
	EndGlobalSection
	GlobalSection(ExtensibilityGlobals) = postSolution
		SolutionGuid = {AE139437-27C3-433C-BED8-00AE9026556B}
	EndGlobalSection
EndGlobal
