
Microsoft Visual Studio Solution File, Format Version 12.00
# Visual Studio Version 17
VisualStudioVersion = 17.11.35303.130
MinimumVisualStudioVersion = 10.0.40219.1
Project("{2150E333-8FDC-42A3-9474-1A3956D46DE8}") = "Task0", "Task0", "{DEE3C82B-0271-4931-9CA3-243C067B9D4E}"
EndProject
Project("{9A19103F-16F7-4668-BE54-9A1E7A4F7556}") = "Tyuiu.VasilevNV.Sprint1.Task0.V5.Lib", "Tyuiu.VasilevNV.Sprint1.Task0.V5.Lib\Tyuiu.VasilevNV.Sprint1.Task0.V5.Lib.csproj", "{49DEC966-52C1-46DB-800F-D92EC852040F}"
EndProject
Project("{9A19103F-16F7-4668-BE54-9A1E7A4F7556}") = "Tyuiu.VasilevNV.Sprint1.Task0.V5.Test", "Tyuiu.VasilevNV.Sprint1.Task0.V5.Test\Tyuiu.VasilevNV.Sprint1.Task0.V5.Test.csproj", "{AAD432E5-6E81-49CC-8528-F714767C6285}"
EndProject
Project("{9A19103F-16F7-4668-BE54-9A1E7A4F7556}") = "Tyuiu.VasilevNV.Sprint1.Task0.V5", "Tyuiu.VasilevNV.Sprint1.Task0.V5\Tyuiu.VasilevNV.Sprint1.Task0.V5.csproj", "{3F465E37-7EEB-4517-A337-F06EB3BD30FE}"
EndProject
Project("{2150E333-8FDC-42A3-9474-1A3956D46DE8}") = "Task1", "Task1", "{B89FCA5C-0B8D-4AF8-86EF-215CE1E3F192}"
EndProject
Project("{9A19103F-16F7-4668-BE54-9A1E7A4F7556}") = "Tyuiu.VasilevNV.Sprint1.Task1.V18.Lib", "Tyuiu.VasilevNV.Sprint1.Task1.V18.Lib\Tyuiu.VasilevNV.Sprint1.Task1.V18.Lib.csproj", "{59241266-9663-4EC7-8B2E-48846B4CFDD7}"
EndProject
Project("{9A19103F-16F7-4668-BE54-9A1E7A4F7556}") = "Tyuiu.VasilevNV.Sprint1.Task1.V18", "Tyuiu.VasilevNV.Sprint1.Task1.V18\Tyuiu.VasilevNV.Sprint1.Task1.V18.csproj", "{890D5CB6-6307-4B87-BCAF-B96968370D21}"
EndProject
Project("{9A19103F-16F7-4668-BE54-9A1E7A4F7556}") = "Tyuiu.VasilevNV.Sprint1.Task1.V18.Test", "Tyuiu.VasilevNV.Sprint1.Task1.V18.Test\Tyuiu.VasilevNV.Sprint1.Task1.V18.Test.csproj", "{629C0A83-CD74-48B3-9F6A-CB315FFD846E}"
EndProject
Project("{2150E333-8FDC-42A3-9474-1A3956D46DE8}") = "Task2", "Task2", "{80FCD763-B580-43F5-875F-0CB570B22972}"
EndProject
Project("{9A19103F-16F7-4668-BE54-9A1E7A4F7556}") = "Tyuiu.VasilevNV.Sprint1.Task2.V6.Lib", "Tyuiu.VasilevNV.Sprint1.Task2.V6.Lib\Tyuiu.VasilevNV.Sprint1.Task2.V6.Lib.csproj", "{C6ED89B4-278B-4D60-8E8E-0C8F579D011A}"
EndProject
Project("{9A19103F-16F7-4668-BE54-9A1E7A4F7556}") = "Tyuiu.VasilevNV.Sprint1.Task2.V6", "Tyuiu.VasilevNV.Sprint1.Task2.V6\Tyuiu.VasilevNV.Sprint1.Task2.V6.csproj", "{3AE28B74-4279-44F1-92CF-7CCA45551659}"
EndProject
Project("{9A19103F-16F7-4668-BE54-9A1E7A4F7556}") = "Tyuiu.VasilevNV.Sprint1.Task2.V6.Test", "Tyuiu.VasilevNV.Sprint1.Task2.V6.Test\Tyuiu.VasilevNV.Sprint1.Task2.V6.Test.csproj", "{14510F8D-71EF-45B6-8B90-BBC606ACDC2F}"
EndProject
Project("{2150E333-8FDC-42A3-9474-1A3956D46DE8}") = "Task3", "Task3", "{F9EB9A6A-7E23-49A2-BBCD-4A2097BBD562}"
EndProject
Project("{9A19103F-16F7-4668-BE54-9A1E7A4F7556}") = "Tyuiu.VasilevNV.Sprint1.Task3.V5.Lib", "Tyuiu.VasilevNV.Sprint1.Task3.V5.Lib\Tyuiu.VasilevNV.Sprint1.Task3.V5.Lib.csproj", "{9BD32573-2390-4B6C-8D9C-FB4F0B1205F2}"
EndProject
Project("{9A19103F-16F7-4668-BE54-9A1E7A4F7556}") = "Tyuiu.VasilevNV.Sprint1.Task3.V5", "Tyuiu.VasilevNV.Sprint1.Task3.V5\Tyuiu.VasilevNV.Sprint1.Task3.V5.csproj", "{DBBB0304-CBE2-4D21-AD07-E15F58A1A974}"
EndProject
Project("{9A19103F-16F7-4668-BE54-9A1E7A4F7556}") = "Tyuiu.VasilevNV.Sprint1.Task3.V5.Test", "Tyuiu.VasilevNV.Sprint1.Task3.V5.Test\Tyuiu.VasilevNV.Sprint1.Task3.V5.Test.csproj", "{0C32FE09-C207-4A44-9CD6-2D255B6ECEEF}"
EndProject
Project("{2150E333-8FDC-42A3-9474-1A3956D46DE8}") = "Task4", "Task4", "{8862CC24-9995-4500-B264-F41E138799AE}"
EndProject
Project("{9A19103F-16F7-4668-BE54-9A1E7A4F7556}") = "Tyuiu.VasilevNV.Sprint1.Task4.V3.Lib", "Tyuiu.VasilevNV.Sprint1.Task4.V3.Lib\Tyuiu.VasilevNV.Sprint1.Task4.V3.Lib.csproj", "{BAB82E5A-9333-41AA-9151-782242245EF4}"
EndProject
Project("{9A19103F-16F7-4668-BE54-9A1E7A4F7556}") = "Tyuiu.VasilevNV.Sprint1.Task4.V3", "Tyuiu.VasilevNV.Sprint1.Task4.V3\Tyuiu.VasilevNV.Sprint1.Task4.V3.csproj", "{2FBE63EA-17DF-4A15-895E-321CD939FF69}"
EndProject
Project("{9A19103F-16F7-4668-BE54-9A1E7A4F7556}") = "Tyuiu.VasilevNV.Sprint1.Task4.V3.Test", "Tyuiu.VasilevNV.Sprint1.Task4.V3.Test\Tyuiu.VasilevNV.Sprint1.Task4.V3.Test.csproj", "{CA2335F1-69ED-4A4D-BA4A-863235CC4A04}"
EndProject
Project("{2150E333-8FDC-42A3-9474-1A3956D46DE8}") = "Task5", "Task5", "{9331E97C-3963-417C-8431-B04B1175017F}"
EndProject
Project("{9A19103F-16F7-4668-BE54-9A1E7A4F7556}") = "Tyuiu.VasilevNV.Sprint1.Task5.V5.Lib", "Tyuiu.VasilevNV.Sprint1.Task5.V5.Lib\Tyuiu.VasilevNV.Sprint1.Task5.V5.Lib.csproj", "{62117814-8E66-4494-878F-FB64E2039390}"
EndProject
Project("{9A19103F-16F7-4668-BE54-9A1E7A4F7556}") = "Tyuiu.VasilevNV.Sprint1.Task5.V5", "Tyuiu.VasilevNV.Sprint1.Task5.V5\Tyuiu.VasilevNV.Sprint1.Task5.V5.csproj", "{59BF8D2F-DA50-4239-A5E4-109F54D75707}"
EndProject
Project("{9A19103F-16F7-4668-BE54-9A1E7A4F7556}") = "Tyuiu.VasilevNV.Sprint1.Task5.V5.Test", "Tyuiu.VasilevNV.Sprint1.Task5.V5.Test\Tyuiu.VasilevNV.Sprint1.Task5.V5.Test.csproj", "{847DF2A7-0CEA-4870-871B-87CFC0100D3D}"
EndProject
Project("{2150E333-8FDC-42A3-9474-1A3956D46DE8}") = "Task6", "Task6", "{EB4AB3FC-393A-4037-9812-8372FEE702CF}"
EndProject
Project("{FAE04EC0-301F-11D3-BF4B-00C04F79EFBC}") = "Tyuiu.VasilevNV.Sprint1.Task6.V9.Lib", "Tyuiu.VasilevNV.Sprint1.Task6.V9.Lib\Tyuiu.VasilevNV.Sprint1.Task6.V9.Lib.csproj", "{BD83E5C5-5BB8-4976-B581-FE0F52BF7CB8}"
EndProject
Project("{FAE04EC0-301F-11D3-BF4B-00C04F79EFBC}") = "Tyuiu.VasilevNV.Sprint1.Task6.V9", "Tyuiu.VasilevNV.Sprint1.Task6.V9\Tyuiu.VasilevNV.Sprint1.Task6.V9.csproj", "{1287C5AC-2E32-40E7-9EE8-2311D40F963F}"
EndProject
Project("{FAE04EC0-301F-11D3-BF4B-00C04F79EFBC}") = "Tyuiu.VasilevNV.Sprint1.Task6.V9.Test", "Tyuiu.VasilevNV.Sprint1.Task6.V9.Test\Tyuiu.VasilevNV.Sprint1.Task6.V9.Test.csproj", "{D377F637-3AC0-44F2-8363-DF9C3ECD08C1}"
EndProject
Project("{2150E333-8FDC-42A3-9474-1A3956D46DE8}") = "Task7", "Task7", "{D0D375D7-5F7A-4D71-87AE-A46537D8B7A1}"
EndProject
Project("{FAE04EC0-301F-11D3-BF4B-00C04F79EFBC}") = "Tyuiu.VasilevNV.Sprint1.Task7.V3.Lib", "Tyuiu.VasilevNV.Sprint1.Task7.V3.Lib\Tyuiu.VasilevNV.Sprint1.Task7.V3.Lib.csproj", "{E6B255C2-E6AB-4B3F-AF5B-070E126F77F6}"
EndProject
Project("{FAE04EC0-301F-11D3-BF4B-00C04F79EFBC}") = "Tyuiu.VasilevNV.Sprint1.Task7.V3", "Tyuiu.VasilevNV.Sprint1.Task7.V3\Tyuiu.VasilevNV.Sprint1.Task7.V3.csproj", "{42FCB5A4-E2F7-4E5A-B206-9612DC33DE2D}"
EndProject
Project("{FAE04EC0-301F-11D3-BF4B-00C04F79EFBC}") = "Tyuiu.VasilevNV.Sprint1.Task7.V3.Test", "Tyuiu.VasilevNV.Sprint1.Task7.V3.Test\Tyuiu.VasilevNV.Sprint1.Task7.V3.Test.csproj", "{C170FDB6-3D48-4022-9F8F-9C3A4E2271D9}"
EndProject
Global
	GlobalSection(SolutionConfigurationPlatforms) = preSolution
		Debug|Any CPU = Debug|Any CPU
		Release|Any CPU = Release|Any CPU
	EndGlobalSection
	GlobalSection(ProjectConfigurationPlatforms) = postSolution
		{49DEC966-52C1-46DB-800F-D92EC852040F}.Debug|Any CPU.ActiveCfg = Debug|Any CPU
		{49DEC966-52C1-46DB-800F-D92EC852040F}.Debug|Any CPU.Build.0 = Debug|Any CPU
		{49DEC966-52C1-46DB-800F-D92EC852040F}.Release|Any CPU.ActiveCfg = Release|Any CPU
		{49DEC966-52C1-46DB-800F-D92EC852040F}.Release|Any CPU.Build.0 = Release|Any CPU
		{AAD432E5-6E81-49CC-8528-F714767C6285}.Debug|Any CPU.ActiveCfg = Debug|Any CPU
		{AAD432E5-6E81-49CC-8528-F714767C6285}.Debug|Any CPU.Build.0 = Debug|Any CPU
		{AAD432E5-6E81-49CC-8528-F714767C6285}.Release|Any CPU.ActiveCfg = Release|Any CPU
		{AAD432E5-6E81-49CC-8528-F714767C6285}.Release|Any CPU.Build.0 = Release|Any CPU
		{3F465E37-7EEB-4517-A337-F06EB3BD30FE}.Debug|Any CPU.ActiveCfg = Debug|Any CPU
		{3F465E37-7EEB-4517-A337-F06EB3BD30FE}.Debug|Any CPU.Build.0 = Debug|Any CPU
		{3F465E37-7EEB-4517-A337-F06EB3BD30FE}.Release|Any CPU.ActiveCfg = Release|Any CPU
		{3F465E37-7EEB-4517-A337-F06EB3BD30FE}.Release|Any CPU.Build.0 = Release|Any CPU
		{59241266-9663-4EC7-8B2E-48846B4CFDD7}.Debug|Any CPU.ActiveCfg = Debug|Any CPU
		{59241266-9663-4EC7-8B2E-48846B4CFDD7}.Debug|Any CPU.Build.0 = Debug|Any CPU
		{59241266-9663-4EC7-8B2E-48846B4CFDD7}.Release|Any CPU.ActiveCfg = Release|Any CPU
		{59241266-9663-4EC7-8B2E-48846B4CFDD7}.Release|Any CPU.Build.0 = Release|Any CPU
		{890D5CB6-6307-4B87-BCAF-B96968370D21}.Debug|Any CPU.ActiveCfg = Debug|Any CPU
		{890D5CB6-6307-4B87-BCAF-B96968370D21}.Debug|Any CPU.Build.0 = Debug|Any CPU
		{890D5CB6-6307-4B87-BCAF-B96968370D21}.Release|Any CPU.ActiveCfg = Release|Any CPU
		{890D5CB6-6307-4B87-BCAF-B96968370D21}.Release|Any CPU.Build.0 = Release|Any CPU
		{629C0A83-CD74-48B3-9F6A-CB315FFD846E}.Debug|Any CPU.ActiveCfg = Debug|Any CPU
		{629C0A83-CD74-48B3-9F6A-CB315FFD846E}.Debug|Any CPU.Build.0 = Debug|Any CPU
		{629C0A83-CD74-48B3-9F6A-CB315FFD846E}.Release|Any CPU.ActiveCfg = Release|Any CPU
		{629C0A83-CD74-48B3-9F6A-CB315FFD846E}.Release|Any CPU.Build.0 = Release|Any CPU
		{C6ED89B4-278B-4D60-8E8E-0C8F579D011A}.Debug|Any CPU.ActiveCfg = Debug|Any CPU
		{C6ED89B4-278B-4D60-8E8E-0C8F579D011A}.Debug|Any CPU.Build.0 = Debug|Any CPU
		{C6ED89B4-278B-4D60-8E8E-0C8F579D011A}.Release|Any CPU.ActiveCfg = Release|Any CPU
		{C6ED89B4-278B-4D60-8E8E-0C8F579D011A}.Release|Any CPU.Build.0 = Release|Any CPU
		{3AE28B74-4279-44F1-92CF-7CCA45551659}.Debug|Any CPU.ActiveCfg = Debug|Any CPU
		{3AE28B74-4279-44F1-92CF-7CCA45551659}.Debug|Any CPU.Build.0 = Debug|Any CPU
		{3AE28B74-4279-44F1-92CF-7CCA45551659}.Release|Any CPU.ActiveCfg = Release|Any CPU
		{3AE28B74-4279-44F1-92CF-7CCA45551659}.Release|Any CPU.Build.0 = Release|Any CPU
		{14510F8D-71EF-45B6-8B90-BBC606ACDC2F}.Debug|Any CPU.ActiveCfg = Debug|Any CPU
		{14510F8D-71EF-45B6-8B90-BBC606ACDC2F}.Debug|Any CPU.Build.0 = Debug|Any CPU
		{14510F8D-71EF-45B6-8B90-BBC606ACDC2F}.Release|Any CPU.ActiveCfg = Release|Any CPU
		{14510F8D-71EF-45B6-8B90-BBC606ACDC2F}.Release|Any CPU.Build.0 = Release|Any CPU
		{9BD32573-2390-4B6C-8D9C-FB4F0B1205F2}.Debug|Any CPU.ActiveCfg = Debug|Any CPU
		{9BD32573-2390-4B6C-8D9C-FB4F0B1205F2}.Debug|Any CPU.Build.0 = Debug|Any CPU
		{9BD32573-2390-4B6C-8D9C-FB4F0B1205F2}.Release|Any CPU.ActiveCfg = Release|Any CPU
		{9BD32573-2390-4B6C-8D9C-FB4F0B1205F2}.Release|Any CPU.Build.0 = Release|Any CPU
		{DBBB0304-CBE2-4D21-AD07-E15F58A1A974}.Debug|Any CPU.ActiveCfg = Debug|Any CPU
		{DBBB0304-CBE2-4D21-AD07-E15F58A1A974}.Debug|Any CPU.Build.0 = Debug|Any CPU
		{DBBB0304-CBE2-4D21-AD07-E15F58A1A974}.Release|Any CPU.ActiveCfg = Release|Any CPU
		{DBBB0304-CBE2-4D21-AD07-E15F58A1A974}.Release|Any CPU.Build.0 = Release|Any CPU
		{0C32FE09-C207-4A44-9CD6-2D255B6ECEEF}.Debug|Any CPU.ActiveCfg = Debug|Any CPU
		{0C32FE09-C207-4A44-9CD6-2D255B6ECEEF}.Debug|Any CPU.Build.0 = Debug|Any CPU
		{0C32FE09-C207-4A44-9CD6-2D255B6ECEEF}.Release|Any CPU.ActiveCfg = Release|Any CPU
		{0C32FE09-C207-4A44-9CD6-2D255B6ECEEF}.Release|Any CPU.Build.0 = Release|Any CPU
		{BAB82E5A-9333-41AA-9151-782242245EF4}.Debug|Any CPU.ActiveCfg = Debug|Any CPU
		{BAB82E5A-9333-41AA-9151-782242245EF4}.Debug|Any CPU.Build.0 = Debug|Any CPU
		{BAB82E5A-9333-41AA-9151-782242245EF4}.Release|Any CPU.ActiveCfg = Release|Any CPU
		{BAB82E5A-9333-41AA-9151-782242245EF4}.Release|Any CPU.Build.0 = Release|Any CPU
		{2FBE63EA-17DF-4A15-895E-321CD939FF69}.Debug|Any CPU.ActiveCfg = Debug|Any CPU
		{2FBE63EA-17DF-4A15-895E-321CD939FF69}.Debug|Any CPU.Build.0 = Debug|Any CPU
		{2FBE63EA-17DF-4A15-895E-321CD939FF69}.Release|Any CPU.ActiveCfg = Release|Any CPU
		{2FBE63EA-17DF-4A15-895E-321CD939FF69}.Release|Any CPU.Build.0 = Release|Any CPU
		{CA2335F1-69ED-4A4D-BA4A-863235CC4A04}.Debug|Any CPU.ActiveCfg = Debug|Any CPU
		{CA2335F1-69ED-4A4D-BA4A-863235CC4A04}.Debug|Any CPU.Build.0 = Debug|Any CPU
		{CA2335F1-69ED-4A4D-BA4A-863235CC4A04}.Release|Any CPU.ActiveCfg = Release|Any CPU
		{CA2335F1-69ED-4A4D-BA4A-863235CC4A04}.Release|Any CPU.Build.0 = Release|Any CPU
		{62117814-8E66-4494-878F-FB64E2039390}.Debug|Any CPU.ActiveCfg = Debug|Any CPU
		{62117814-8E66-4494-878F-FB64E2039390}.Debug|Any CPU.Build.0 = Debug|Any CPU
		{62117814-8E66-4494-878F-FB64E2039390}.Release|Any CPU.ActiveCfg = Release|Any CPU
		{62117814-8E66-4494-878F-FB64E2039390}.Release|Any CPU.Build.0 = Release|Any CPU
		{59BF8D2F-DA50-4239-A5E4-109F54D75707}.Debug|Any CPU.ActiveCfg = Debug|Any CPU
		{59BF8D2F-DA50-4239-A5E4-109F54D75707}.Debug|Any CPU.Build.0 = Debug|Any CPU
		{59BF8D2F-DA50-4239-A5E4-109F54D75707}.Release|Any CPU.ActiveCfg = Release|Any CPU
		{59BF8D2F-DA50-4239-A5E4-109F54D75707}.Release|Any CPU.Build.0 = Release|Any CPU
		{847DF2A7-0CEA-4870-871B-87CFC0100D3D}.Debug|Any CPU.ActiveCfg = Debug|Any CPU
		{847DF2A7-0CEA-4870-871B-87CFC0100D3D}.Debug|Any CPU.Build.0 = Debug|Any CPU
		{847DF2A7-0CEA-4870-871B-87CFC0100D3D}.Release|Any CPU.ActiveCfg = Release|Any CPU
		{847DF2A7-0CEA-4870-871B-87CFC0100D3D}.Release|Any CPU.Build.0 = Release|Any CPU
		{BD83E5C5-5BB8-4976-B581-FE0F52BF7CB8}.Debug|Any CPU.ActiveCfg = Debug|Any CPU
		{BD83E5C5-5BB8-4976-B581-FE0F52BF7CB8}.Debug|Any CPU.Build.0 = Debug|Any CPU
		{BD83E5C5-5BB8-4976-B581-FE0F52BF7CB8}.Release|Any CPU.ActiveCfg = Release|Any CPU
		{BD83E5C5-5BB8-4976-B581-FE0F52BF7CB8}.Release|Any CPU.Build.0 = Release|Any CPU
		{1287C5AC-2E32-40E7-9EE8-2311D40F963F}.Debug|Any CPU.ActiveCfg = Debug|Any CPU
		{1287C5AC-2E32-40E7-9EE8-2311D40F963F}.Debug|Any CPU.Build.0 = Debug|Any CPU
		{1287C5AC-2E32-40E7-9EE8-2311D40F963F}.Release|Any CPU.ActiveCfg = Release|Any CPU
		{1287C5AC-2E32-40E7-9EE8-2311D40F963F}.Release|Any CPU.Build.0 = Release|Any CPU
		{D377F637-3AC0-44F2-8363-DF9C3ECD08C1}.Debug|Any CPU.ActiveCfg = Debug|Any CPU
		{D377F637-3AC0-44F2-8363-DF9C3ECD08C1}.Debug|Any CPU.Build.0 = Debug|Any CPU
		{D377F637-3AC0-44F2-8363-DF9C3ECD08C1}.Release|Any CPU.ActiveCfg = Release|Any CPU
		{D377F637-3AC0-44F2-8363-DF9C3ECD08C1}.Release|Any CPU.Build.0 = Release|Any CPU
		{E6B255C2-E6AB-4B3F-AF5B-070E126F77F6}.Debug|Any CPU.ActiveCfg = Debug|Any CPU
		{E6B255C2-E6AB-4B3F-AF5B-070E126F77F6}.Debug|Any CPU.Build.0 = Debug|Any CPU
		{E6B255C2-E6AB-4B3F-AF5B-070E126F77F6}.Release|Any CPU.ActiveCfg = Release|Any CPU
		{E6B255C2-E6AB-4B3F-AF5B-070E126F77F6}.Release|Any CPU.Build.0 = Release|Any CPU
		{42FCB5A4-E2F7-4E5A-B206-9612DC33DE2D}.Debug|Any CPU.ActiveCfg = Debug|Any CPU
		{42FCB5A4-E2F7-4E5A-B206-9612DC33DE2D}.Debug|Any CPU.Build.0 = Debug|Any CPU
		{42FCB5A4-E2F7-4E5A-B206-9612DC33DE2D}.Release|Any CPU.ActiveCfg = Release|Any CPU
		{42FCB5A4-E2F7-4E5A-B206-9612DC33DE2D}.Release|Any CPU.Build.0 = Release|Any CPU
		{C170FDB6-3D48-4022-9F8F-9C3A4E2271D9}.Debug|Any CPU.ActiveCfg = Debug|Any CPU
		{C170FDB6-3D48-4022-9F8F-9C3A4E2271D9}.Debug|Any CPU.Build.0 = Debug|Any CPU
		{C170FDB6-3D48-4022-9F8F-9C3A4E2271D9}.Release|Any CPU.ActiveCfg = Release|Any CPU
		{C170FDB6-3D48-4022-9F8F-9C3A4E2271D9}.Release|Any CPU.Build.0 = Release|Any CPU
	EndGlobalSection
	GlobalSection(SolutionProperties) = preSolution
		HideSolutionNode = FALSE
	EndGlobalSection
	GlobalSection(NestedProjects) = preSolution
		{49DEC966-52C1-46DB-800F-D92EC852040F} = {DEE3C82B-0271-4931-9CA3-243C067B9D4E}
		{AAD432E5-6E81-49CC-8528-F714767C6285} = {DEE3C82B-0271-4931-9CA3-243C067B9D4E}
		{3F465E37-7EEB-4517-A337-F06EB3BD30FE} = {DEE3C82B-0271-4931-9CA3-243C067B9D4E}
		{59241266-9663-4EC7-8B2E-48846B4CFDD7} = {B89FCA5C-0B8D-4AF8-86EF-215CE1E3F192}
		{890D5CB6-6307-4B87-BCAF-B96968370D21} = {B89FCA5C-0B8D-4AF8-86EF-215CE1E3F192}
		{629C0A83-CD74-48B3-9F6A-CB315FFD846E} = {B89FCA5C-0B8D-4AF8-86EF-215CE1E3F192}
		{C6ED89B4-278B-4D60-8E8E-0C8F579D011A} = {80FCD763-B580-43F5-875F-0CB570B22972}
		{3AE28B74-4279-44F1-92CF-7CCA45551659} = {80FCD763-B580-43F5-875F-0CB570B22972}
		{14510F8D-71EF-45B6-8B90-BBC606ACDC2F} = {80FCD763-B580-43F5-875F-0CB570B22972}
		{9BD32573-2390-4B6C-8D9C-FB4F0B1205F2} = {F9EB9A6A-7E23-49A2-BBCD-4A2097BBD562}
		{DBBB0304-CBE2-4D21-AD07-E15F58A1A974} = {F9EB9A6A-7E23-49A2-BBCD-4A2097BBD562}
		{0C32FE09-C207-4A44-9CD6-2D255B6ECEEF} = {F9EB9A6A-7E23-49A2-BBCD-4A2097BBD562}
		{BAB82E5A-9333-41AA-9151-782242245EF4} = {8862CC24-9995-4500-B264-F41E138799AE}
		{2FBE63EA-17DF-4A15-895E-321CD939FF69} = {8862CC24-9995-4500-B264-F41E138799AE}
		{CA2335F1-69ED-4A4D-BA4A-863235CC4A04} = {8862CC24-9995-4500-B264-F41E138799AE}
		{62117814-8E66-4494-878F-FB64E2039390} = {9331E97C-3963-417C-8431-B04B1175017F}
		{59BF8D2F-DA50-4239-A5E4-109F54D75707} = {9331E97C-3963-417C-8431-B04B1175017F}
		{847DF2A7-0CEA-4870-871B-87CFC0100D3D} = {9331E97C-3963-417C-8431-B04B1175017F}
		{BD83E5C5-5BB8-4976-B581-FE0F52BF7CB8} = {EB4AB3FC-393A-4037-9812-8372FEE702CF}
		{1287C5AC-2E32-40E7-9EE8-2311D40F963F} = {EB4AB3FC-393A-4037-9812-8372FEE702CF}
		{D377F637-3AC0-44F2-8363-DF9C3ECD08C1} = {EB4AB3FC-393A-4037-9812-8372FEE702CF}
		{E6B255C2-E6AB-4B3F-AF5B-070E126F77F6} = {D0D375D7-5F7A-4D71-87AE-A46537D8B7A1}
		{42FCB5A4-E2F7-4E5A-B206-9612DC33DE2D} = {D0D375D7-5F7A-4D71-87AE-A46537D8B7A1}
		{C170FDB6-3D48-4022-9F8F-9C3A4E2271D9} = {D0D375D7-5F7A-4D71-87AE-A46537D8B7A1}
	EndGlobalSection
	GlobalSection(ExtensibilityGlobals) = postSolution
		SolutionGuid = {AE139437-27C3-433C-BED8-00AE9026556B}
	EndGlobalSection
EndGlobal
